// !$*UTF8*$!
{
	archiveVersion = 1;
	classes = {
	};
	objectVersion = 55;
	objects = {

/* Begin PBXBuildFile section */
		BAB5950F27A058A800A2A83E /* AppDelegate.swift in Sources */ = {isa = PBXBuildFile; fileRef = BAB5950E27A058A800A2A83E /* AppDelegate.swift */; };
		BAB5951127A058A800A2A83E /* SceneDelegate.swift in Sources */ = {isa = PBXBuildFile; fileRef = BAB5951027A058A800A2A83E /* SceneDelegate.swift */; };
		BAB5951327A058A800A2A83E /* LibraryViewController.swift in Sources */ = {isa = PBXBuildFile; fileRef = BAB5951227A058A800A2A83E /* LibraryViewController.swift */; };
		BAB5951627A058A800A2A83E /* Main.storyboard in Resources */ = {isa = PBXBuildFile; fileRef = BAB5951427A058A800A2A83E /* Main.storyboard */; };
		BAB5951827A058A900A2A83E /* Assets.xcassets in Resources */ = {isa = PBXBuildFile; fileRef = BAB5951727A058A900A2A83E /* Assets.xcassets */; };
		BAB5951B27A058A900A2A83E /* LaunchScreen.storyboard in Resources */ = {isa = PBXBuildFile; fileRef = BAB5951927A058A900A2A83E /* LaunchScreen.storyboard */; };
		BAB5952327A059D300A2A83E /* Book.swift in Sources */ = {isa = PBXBuildFile; fileRef = BAB5952227A059D300A2A83E /* Book.swift */; };
		BAB5952527A05C1700A2A83E /* Library.swift in Sources */ = {isa = PBXBuildFile; fileRef = BAB5952427A05C1700A2A83E /* Library.swift */; };
/* End PBXBuildFile section */

/* Begin PBXFileReference section */
		BAB5950B27A058A800A2A83E /* M&MLibrary.app */ = {isa = PBXFileReference; explicitFileType = wrapper.application; includeInIndex = 0; path = "M&MLibrary.app"; sourceTree = BUILT_PRODUCTS_DIR; };
		BAB5950E27A058A800A2A83E /* AppDelegate.swift */ = {isa = PBXFileReference; lastKnownFileType = sourcecode.swift; path = AppDelegate.swift; sourceTree = "<group>"; };
		BAB5951027A058A800A2A83E /* SceneDelegate.swift */ = {isa = PBXFileReference; lastKnownFileType = sourcecode.swift; path = SceneDelegate.swift; sourceTree = "<group>"; };
		BAB5951227A058A800A2A83E /* LibraryViewController.swift */ = {isa = PBXFileReference; lastKnownFileType = sourcecode.swift; path = LibraryViewController.swift; sourceTree = "<group>"; };
		BAB5951527A058A800A2A83E /* Base */ = {isa = PBXFileReference; lastKnownFileType = file.storyboard; name = Base; path = Base.lproj/Main.storyboard; sourceTree = "<group>"; };
		BAB5951727A058A900A2A83E /* Assets.xcassets */ = {isa = PBXFileReference; lastKnownFileType = folder.assetcatalog; path = Assets.xcassets; sourceTree = "<group>"; };
		BAB5951A27A058A900A2A83E /* Base */ = {isa = PBXFileReference; lastKnownFileType = file.storyboard; name = Base; path = Base.lproj/LaunchScreen.storyboard; sourceTree = "<group>"; };
		BAB5951C27A058A900A2A83E /* Info.plist */ = {isa = PBXFileReference; lastKnownFileType = text.plist.xml; path = Info.plist; sourceTree = "<group>"; };
		BAB5952227A059D300A2A83E /* Book.swift */ = {isa = PBXFileReference; lastKnownFileType = sourcecode.swift; path = Book.swift; sourceTree = "<group>"; };
		BAB5952427A05C1700A2A83E /* Library.swift */ = {isa = PBXFileReference; fileEncoding = 4; lastKnownFileType = sourcecode.swift; path = Library.swift; sourceTree = "<group>"; };
/* End PBXFileReference section */

/* Begin PBXFrameworksBuildPhase section */
		BAB5950827A058A800A2A83E /* Frameworks */ = {
			isa = PBXFrameworksBuildPhase;
			buildActionMask = 2147483647;
			files = (
			);
			runOnlyForDeploymentPostprocessing = 0;
		};
/* End PBXFrameworksBuildPhase section */

/* Begin PBXGroup section */
		BAB5950227A058A700A2A83E = {
			isa = PBXGroup;
			children = (
				BAB5951C27A058A900A2A83E /* Info.plist */,
				BAB5950D27A058A800A2A83E /* M&MLibrary */,
				BAB5950C27A058A800A2A83E /* Products */,
			);
			sourceTree = "<group>";
		};
		BAB5950C27A058A800A2A83E /* Products */ = {
			isa = PBXGroup;
			children = (
				BAB5950B27A058A800A2A83E /* M&MLibrary.app */,
			);
			name = Products;
			sourceTree = "<group>";
		};
		BAB5950D27A058A800A2A83E /* M&MLibrary */ = {
			isa = PBXGroup;
			children = (
				BAB5952627A05C9200A2A83E /* Model */,
				BAB5952727A05C9D00A2A83E /* ViewController */,
				BAB5952927A05CD200A2A83E /* Setup */,
				BAB5952827A05CB100A2A83E /* Resources */,
			);
			path = "M&MLibrary";
			sourceTree = "<group>";
		};
		BAB5952627A05C9200A2A83E /* Model */ = {
			isa = PBXGroup;
			children = (
				BAB5952427A05C1700A2A83E /* Library.swift */,
				BAB5952227A059D300A2A83E /* Book.swift */,
			);
			path = Model;
			sourceTree = "<group>";
		};
		BAB5952727A05C9D00A2A83E /* ViewController */ = {
			isa = PBXGroup;
			children = (
				BAB5951227A058A800A2A83E /* LibraryViewController.swift */,
			);
			path = ViewController;
			sourceTree = "<group>";
		};
		BAB5952827A05CB100A2A83E /* Resources */ = {
			isa = PBXGroup;
			children = (
				BAB5951427A058A800A2A83E /* Main.storyboard */,
				BAB5951927A058A900A2A83E /* LaunchScreen.storyboard */,
				BAB5951727A058A900A2A83E /* Assets.xcassets */,
			);
			path = Resources;
			sourceTree = "<group>";
		};
		BAB5952927A05CD200A2A83E /* Setup */ = {
			isa = PBXGroup;
			children = (
				BAB5950E27A058A800A2A83E /* AppDelegate.swift */,
				BAB5951027A058A800A2A83E /* SceneDelegate.swift */,
			);
			path = Setup;
			sourceTree = "<group>";
		};
/* End PBXGroup section */

/* Begin PBXNativeTarget section */
		BAB5950A27A058A800A2A83E /* M&MLibrary */ = {
			isa = PBXNativeTarget;
			buildConfigurationList = BAB5951F27A058A900A2A83E /* Build configuration list for PBXNativeTarget "M&MLibrary" */;
			buildPhases = (
				BAB5950727A058A800A2A83E /* Sources */,
				BAB5950827A058A800A2A83E /* Frameworks */,
				BAB5950927A058A800A2A83E /* Resources */,
			);
			buildRules = (
			);
			dependencies = (
			);
			name = "M&MLibrary";
			productName = "M&MLibrary";
			productReference = BAB5950B27A058A800A2A83E /* M&MLibrary.app */;
			productType = "com.apple.product-type.application";
		};
/* End PBXNativeTarget section */

/* Begin PBXProject section */
		BAB5950327A058A700A2A83E /* Project object */ = {
			isa = PBXProject;
			attributes = {
				BuildIndependentTargetsInParallel = 1;
				LastSwiftUpdateCheck = 1310;
				LastUpgradeCheck = 1310;
				TargetAttributes = {
					BAB5950A27A058A800A2A83E = {
						CreatedOnToolsVersion = 13.1;
					};
				};
			};
			buildConfigurationList = BAB5950627A058A700A2A83E /* Build configuration list for PBXProject "M&MLibrary" */;
			compatibilityVersion = "Xcode 13.0";
			developmentRegion = en;
			hasScannedForEncodings = 0;
			knownRegions = (
				en,
				Base,
			);
			mainGroup = BAB5950227A058A700A2A83E;
			productRefGroup = BAB5950C27A058A800A2A83E /* Products */;
			projectDirPath = "";
			projectRoot = "";
			targets = (
				BAB5950A27A058A800A2A83E /* M&MLibrary */,
			);
		};
/* End PBXProject section */

/* Begin PBXResourcesBuildPhase section */
		BAB5950927A058A800A2A83E /* Resources */ = {
			isa = PBXResourcesBuildPhase;
			buildActionMask = 2147483647;
			files = (
				BAB5951B27A058A900A2A83E /* LaunchScreen.storyboard in Resources */,
				BAB5951827A058A900A2A83E /* Assets.xcassets in Resources */,
				BAB5951627A058A800A2A83E /* Main.storyboard in Resources */,
			);
			runOnlyForDeploymentPostprocessing = 0;
		};
/* End PBXResourcesBuildPhase section */

/* Begin PBXSourcesBuildPhase section */
		BAB5950727A058A800A2A83E /* Sources */ = {
			isa = PBXSourcesBuildPhase;
			buildActionMask = 2147483647;
			files = (
				BAB5952327A059D300A2A83E /* Book.swift in Sources */,
				BAB5951327A058A800A2A83E /* LibraryViewController.swift in Sources */,
				BAB5952527A05C1700A2A83E /* Library.swift in Sources */,
				BAB5950F27A058A800A2A83E /* AppDelegate.swift in Sources */,
				BAB5951127A058A800A2A83E /* SceneDelegate.swift in Sources */,
			);
			runOnlyForDeploymentPostprocessing = 0;
		};
/* End PBXSourcesBuildPhase section */

/* Begin PBXVariantGroup section */
		BAB5951427A058A800A2A83E /* Main.storyboard */ = {
			isa = PBXVariantGroup;
			children = (
				BAB5951527A058A800A2A83E /* Base */,
			);
			name = Main.storyboard;
			sourceTree = "<group>";
		};
		BAB5951927A058A900A2A83E /* LaunchScreen.storyboard */ = {
			isa = PBXVariantGroup;
			children = (
				BAB5951A27A058A900A2A83E /* Base */,
			);
			name = LaunchScreen.storyboard;
			sourceTree = "<group>";
		};
/* End PBXVariantGroup section */

/* Begin XCBuildConfiguration section */
		BAB5951D27A058A900A2A83E /* Debug */ = {
			isa = XCBuildConfiguration;
			buildSettings = {
				ALWAYS_SEARCH_USER_PATHS = NO;
				CLANG_ANALYZER_NONNULL = YES;
				CLANG_ANALYZER_NUMBER_OBJECT_CONVERSION = YES_AGGRESSIVE;
				CLANG_CXX_LANGUAGE_STANDARD = "gnu++17";
				CLANG_CXX_LIBRARY = "libc++";
				CLANG_ENABLE_MODULES = YES;
				CLANG_ENABLE_OBJC_ARC = YES;
				CLANG_ENABLE_OBJC_WEAK = YES;
				CLANG_WARN_BLOCK_CAPTURE_AUTORELEASING = YES;
				CLANG_WARN_BOOL_CONVERSION = YES;
				CLANG_WARN_COMMA = YES;
				CLANG_WARN_CONSTANT_CONVERSION = YES;
				CLANG_WARN_DEPRECATED_OBJC_IMPLEMENTATIONS = YES;
				CLANG_WARN_DIRECT_OBJC_ISA_USAGE = YES_ERROR;
				CLANG_WARN_DOCUMENTATION_COMMENTS = YES;
				CLANG_WARN_EMPTY_BODY = YES;
				CLANG_WARN_ENUM_CONVERSION = YES;
				CLANG_WARN_INFINITE_RECURSION = YES;
				CLANG_WARN_INT_CONVERSION = YES;
				CLANG_WARN_NON_LITERAL_NULL_CONVERSION = YES;
				CLANG_WARN_OBJC_IMPLICIT_RETAIN_SELF = YES;
				CLANG_WARN_OBJC_LITERAL_CONVERSION = YES;
				CLANG_WARN_OBJC_ROOT_CLASS = YES_ERROR;
				CLANG_WARN_QUOTED_INCLUDE_IN_FRAMEWORK_HEADER = YES;
				CLANG_WARN_RANGE_LOOP_ANALYSIS = YES;
				CLANG_WARN_STRICT_PROTOTYPES = YES;
				CLANG_WARN_SUSPICIOUS_MOVE = YES;
				CLANG_WARN_UNGUARDED_AVAILABILITY = YES_AGGRESSIVE;
				CLANG_WARN_UNREACHABLE_CODE = YES;
				CLANG_WARN__DUPLICATE_METHOD_MATCH = YES;
				COPY_PHASE_STRIP = NO;
				DEBUG_INFORMATION_FORMAT = dwarf;
				ENABLE_STRICT_OBJC_MSGSEND = YES;
				ENABLE_TESTABILITY = YES;
				GCC_C_LANGUAGE_STANDARD = gnu11;
				GCC_DYNAMIC_NO_PIC = NO;
				GCC_NO_COMMON_BLOCKS = YES;
				GCC_OPTIMIZATION_LEVEL = 0;
				GCC_PREPROCESSOR_DEFINITIONS = (
					"DEBUG=1",
					"$(inherited)",
				);
				GCC_WARN_64_TO_32_BIT_CONVERSION = YES;
				GCC_WARN_ABOUT_RETURN_TYPE = YES_ERROR;
				GCC_WARN_UNDECLARED_SELECTOR = YES;
				GCC_WARN_UNINITIALIZED_AUTOS = YES_AGGRESSIVE;
				GCC_WARN_UNUSED_FUNCTION = YES;
				GCC_WARN_UNUSED_VARIABLE = YES;
				IPHONEOS_DEPLOYMENT_TARGET = 15.0;
				MTL_ENABLE_DEBUG_INFO = INCLUDE_SOURCE;
				MTL_FAST_MATH = YES;
				ONLY_ACTIVE_ARCH = YES;
				SDKROOT = iphoneos;
				SWIFT_ACTIVE_COMPILATION_CONDITIONS = DEBUG;
				SWIFT_OPTIMIZATION_LEVEL = "-Onone";
			};
			name = Debug;
		};
		BAB5951E27A058A900A2A83E /* Release */ = {
			isa = XCBuildConfiguration;
			buildSettings = {
				ALWAYS_SEARCH_USER_PATHS = NO;
				CLANG_ANALYZER_NONNULL = YES;
				CLANG_ANALYZER_NUMBER_OBJECT_CONVERSION = YES_AGGRESSIVE;
				CLANG_CXX_LANGUAGE_STANDARD = "gnu++17";
				CLANG_CXX_LIBRARY = "libc++";
				CLANG_ENABLE_MODULES = YES;
				CLANG_ENABLE_OBJC_ARC = YES;
				CLANG_ENABLE_OBJC_WEAK = YES;
				CLANG_WARN_BLOCK_CAPTURE_AUTORELEASING = YES;
				CLANG_WARN_BOOL_CONVERSION = YES;
				CLANG_WARN_COMMA = YES;
				CLANG_WARN_CONSTANT_CONVERSION = YES;
				CLANG_WARN_DEPRECATED_OBJC_IMPLEMENTATIONS = YES;
				CLANG_WARN_DIRECT_OBJC_ISA_USAGE = YES_ERROR;
				CLANG_WARN_DOCUMENTATION_COMMENTS = YES;
				CLANG_WARN_EMPTY_BODY = YES;
				CLANG_WARN_ENUM_CONVERSION = YES;
				CLANG_WARN_INFINITE_RECURSION = YES;
				CLANG_WARN_INT_CONVERSION = YES;
				CLANG_WARN_NON_LITERAL_NULL_CONVERSION = YES;
				CLANG_WARN_OBJC_IMPLICIT_RETAIN_SELF = YES;
				CLANG_WARN_OBJC_LITERAL_CONVERSION = YES;
				CLANG_WARN_OBJC_ROOT_CLASS = YES_ERROR;
				CLANG_WARN_QUOTED_INCLUDE_IN_FRAMEWORK_HEADER = YES;
				CLANG_WARN_RANGE_LOOP_ANALYSIS = YES;
				CLANG_WARN_STRICT_PROTOTYPES = YES;
				CLANG_WARN_SUSPICIOUS_MOVE = YES;
				CLANG_WARN_UNGUARDED_AVAILABILITY = YES_AGGRESSIVE;
				CLANG_WARN_UNREACHABLE_CODE = YES;
				CLANG_WARN__DUPLICATE_METHOD_MATCH = YES;
				COPY_PHASE_STRIP = NO;
				DEBUG_INFORMATION_FORMAT = "dwarf-with-dsym";
				ENABLE_NS_ASSERTIONS = NO;
				ENABLE_STRICT_OBJC_MSGSEND = YES;
				GCC_C_LANGUAGE_STANDARD = gnu11;
				GCC_NO_COMMON_BLOCKS = YES;
				GCC_WARN_64_TO_32_BIT_CONVERSION = YES;
				GCC_WARN_ABOUT_RETURN_TYPE = YES_ERROR;
				GCC_WARN_UNDECLARED_SELECTOR = YES;
				GCC_WARN_UNINITIALIZED_AUTOS = YES_AGGRESSIVE;
				GCC_WARN_UNUSED_FUNCTION = YES;
				GCC_WARN_UNUSED_VARIABLE = YES;
				IPHONEOS_DEPLOYMENT_TARGET = 15.0;
				MTL_ENABLE_DEBUG_INFO = NO;
				MTL_FAST_MATH = YES;
				SDKROOT = iphoneos;
				SWIFT_COMPILATION_MODE = wholemodule;
				SWIFT_OPTIMIZATION_LEVEL = "-O";
				VALIDATE_PRODUCT = YES;
			};
			name = Release;
		};
		BAB5952027A058A900A2A83E /* Debug */ = {
			isa = XCBuildConfiguration;
			buildSettings = {
				ASSETCATALOG_COMPILER_APPICON_NAME = AppIcon;
				ASSETCATALOG_COMPILER_GLOBAL_ACCENT_COLOR_NAME = AccentColor;
				CODE_SIGN_STYLE = Automatic;
				CURRENT_PROJECT_VERSION = 1;
				GENERATE_INFOPLIST_FILE = YES;
				INFOPLIST_FILE = "M&MLibrary/Info.plist";
				INFOPLIST_KEY_UIApplicationSupportsIndirectInputEvents = YES;
				INFOPLIST_KEY_UILaunchStoryboardName = LaunchScreen;
				INFOPLIST_KEY_UIMainStoryboardFile = Main;
				INFOPLIST_KEY_UISupportedInterfaceOrientations_iPad = "UIInterfaceOrientationPortrait UIInterfaceOrientationPortraitUpsideDown UIInterfaceOrientationLandscapeLeft UIInterfaceOrientationLandscapeRight";
				INFOPLIST_KEY_UISupportedInterfaceOrientations_iPhone = "UIInterfaceOrientationPortrait UIInterfaceOrientationLandscapeLeft UIInterfaceOrientationLandscapeRight";
				LD_RUNPATH_SEARCH_PATHS = (
					"$(inherited)",
					"@executable_path/Frameworks",
				);
				MARKETING_VERSION = 1.0;
				PRODUCT_BUNDLE_IDENTIFIER = "com.aarven.M-MLibrary";
				PRODUCT_NAME = "$(TARGET_NAME)";
				SWIFT_EMIT_LOC_STRINGS = YES;
				SWIFT_VERSION = 5.0;
				TARGETED_DEVICE_FAMILY = "1,2";
			};
			name = Debug;
		};
		BAB5952127A058A900A2A83E /* Release */ = {
			isa = XCBuildConfiguration;
			buildSettings = {
				ASSETCATALOG_COMPILER_APPICON_NAME = AppIcon;
				ASSETCATALOG_COMPILER_GLOBAL_ACCENT_COLOR_NAME = AccentColor;
				CODE_SIGN_STYLE = Automatic;
				CURRENT_PROJECT_VERSION = 1;
				GENERATE_INFOPLIST_FILE = YES;
				INFOPLIST_FILE = "M&MLibrary/Info.plist";
				INFOPLIST_KEY_UIApplicationSupportsIndirectInputEvents = YES;
				INFOPLIST_KEY_UILaunchStoryboardName = LaunchScreen;
				INFOPLIST_KEY_UIMainStoryboardFile = Main;
				INFOPLIST_KEY_UISupportedInterfaceOrientations_iPad = "UIInterfaceOrientationPortrait UIInterfaceOrientationPortraitUpsideDown UIInterfaceOrientationLandscapeLeft UIInterfaceOrientationLandscapeRight";
				INFOPLIST_KEY_UISupportedInterfaceOrientations_iPhone = "UIInterfaceOrientationPortrait UIInterfaceOrientationLandscapeLeft UIInterfaceOrientationLandscapeRight";
				LD_RUNPATH_SEARCH_PATHS = (
					"$(inherited)",
					"@executable_path/Frameworks",
				);
				MARKETING_VERSION = 1.0;
				PRODUCT_BUNDLE_IDENTIFIER = "com.aarven.M-MLibrary";
				PRODUCT_NAME = "$(TARGET_NAME)";
				SWIFT_EMIT_LOC_STRINGS = YES;
				SWIFT_VERSION = 5.0;
				TARGETED_DEVICE_FAMILY = "1,2";
			};
			name = Release;
		};
/* End XCBuildConfiguration section */

/* Begin XCConfigurationList section */
		BAB5950627A058A700A2A83E /* Build configuration list for PBXProject "M&MLibrary" */ = {
			isa = XCConfigurationList;
			buildConfigurations = (
				BAB5951D27A058A900A2A83E /* Debug */,
				BAB5951E27A058A900A2A83E /* Release */,
			);
			defaultConfigurationIsVisible = 0;
			defaultConfigurationName = Release;
		};
		BAB5951F27A058A900A2A83E /* Build configuration list for PBXNativeTarget "M&MLibrary" */ = {
			isa = XCConfigurationList;
			buildConfigurations = (
				BAB5952027A058A900A2A83E /* Debug */,
				BAB5952127A058A900A2A83E /* Release */,
			);
			defaultConfigurationIsVisible = 0;
			defaultConfigurationName = Release;
		};
/* End XCConfigurationList section */
	};
	rootObject = BAB5950327A058A700A2A83E /* Project object */;
}
